
Microsoft Visual Studio Solution File, Format Version 12.00
# Visual Studio Version 16
VisualStudioVersion = 16.0.32106.194
MinimumVisualStudioVersion = 10.0.40219.1
Project("{FAE04EC0-301F-11D3-BF4B-00C04F79EFBC}") = "Usuarios", "Usuarios\Usuarios.csproj", "{D9E1A91E-F486-4F8B-AD9F-CD36BEB1DB5F}"
EndProject
Project("{FAE04EC0-301F-11D3-BF4B-00C04F79EFBC}") = "Usuarios.Entities", "Usuarios.Entities\Usuarios.Entities.csproj", "{C8F09202-E574-4AD4-AF1D-3CB8FB84E015}"
EndProject
Project("{FAE04EC0-301F-11D3-BF4B-00C04F79EFBC}") = "Usuarios.DataAccess", "Usuarios.DataAccess\Usuarios.DataAccess.csproj", "{636F825F-BCC5-477E-94C8-F9B84F51BCCF}"
EndProject
Project("{FAE04EC0-301F-11D3-BF4B-00C04F79EFBC}") = "Usuarios.Bussiness", "Usuarios.Bussiness\Usuarios.Bussiness.csproj", "{F57E4740-8A88-4F16-90DD-62FA7CE07160}"
EndProject
Global
	GlobalSection(SolutionConfigurationPlatforms) = preSolution
		Debug|Any CPU = Debug|Any CPU
		Release|Any CPU = Release|Any CPU
	EndGlobalSection
	GlobalSection(ProjectConfigurationPlatforms) = postSolution
		{D9E1A91E-F486-4F8B-AD9F-CD36BEB1DB5F}.Debug|Any CPU.ActiveCfg = Debug|Any CPU
		{D9E1A91E-F486-4F8B-AD9F-CD36BEB1DB5F}.Debug|Any CPU.Build.0 = Debug|Any CPU
		{D9E1A91E-F486-4F8B-AD9F-CD36BEB1DB5F}.Release|Any CPU.ActiveCfg = Release|Any CPU
		{D9E1A91E-F486-4F8B-AD9F-CD36BEB1DB5F}.Release|Any CPU.Build.0 = Release|Any CPU
		{C8F09202-E574-4AD4-AF1D-3CB8FB84E015}.Debug|Any CPU.ActiveCfg = Debug|Any CPU
		{C8F09202-E574-4AD4-AF1D-3CB8FB84E015}.Debug|Any CPU.Build.0 = Debug|Any CPU
		{C8F09202-E574-4AD4-AF1D-3CB8FB84E015}.Release|Any CPU.ActiveCfg = Release|Any CPU
		{C8F09202-E574-4AD4-AF1D-3CB8FB84E015}.Release|Any CPU.Build.0 = Release|Any CPU
		{636F825F-BCC5-477E-94C8-F9B84F51BCCF}.Debug|Any CPU.ActiveCfg = Debug|Any CPU
		{636F825F-BCC5-477E-94C8-F9B84F51BCCF}.Debug|Any CPU.Build.0 = Debug|Any CPU
		{636F825F-BCC5-477E-94C8-F9B84F51BCCF}.Release|Any CPU.ActiveCfg = Release|Any CPU
		{636F825F-BCC5-477E-94C8-F9B84F51BCCF}.Release|Any CPU.Build.0 = Release|Any CPU
		{F57E4740-8A88-4F16-90DD-62FA7CE07160}.Debug|Any CPU.ActiveCfg = Debug|Any CPU
		{F57E4740-8A88-4F16-90DD-62FA7CE07160}.Debug|Any CPU.Build.0 = Debug|Any CPU
		{F57E4740-8A88-4F16-90DD-62FA7CE07160}.Release|Any CPU.ActiveCfg = Release|Any CPU
		{F57E4740-8A88-4F16-90DD-62FA7CE07160}.Release|Any CPU.Build.0 = Release|Any CPU
	EndGlobalSection
	GlobalSection(SolutionProperties) = preSolution
		HideSolutionNode = FALSE
	EndGlobalSection
	GlobalSection(ExtensibilityGlobals) = postSolution
		SolutionGuid = {C5867638-D8B3-4FFB-82AC-36DAB86F1657}
	EndGlobalSection
EndGlobal
